
Microsoft Visual Studio Solution File, Format Version 12.00
Project("{FAE04EC0-301F-11D3-BF4B-00C04F79EFBC}") = "phase1_student_rbd", "phase1_student_rbd\phase1_student_rbd.csproj", "{D63DD4B1-7CF1-49A5-855A-A798687FE879}"
EndProject
Project("{FAE04EC0-301F-11D3-BF4B-00C04F79EFBC}") = "phase1_student_rbd.Tests", "phase1_student_rbd.Tests\phase1_student_rbd.Tests.csproj", "{042E9B28-C972-415E-B6BE-606BD1040957}"
EndProject
Project("{2150E333-8FDC-42A3-9474-1A3956D46DE8}") = "Solution Items", "Solution Items", "{96A4E599-4C71-4D9F-B71F-0093EAAF5F8D}"
	ProjectSection(SolutionItems) = preProject
		compose.yaml = compose.yaml
		Dockerfile = Dockerfile
		.dockerignore = .dockerignore
	EndProjectSection
EndProject
Global
	GlobalSection(SolutionConfigurationPlatforms) = preSolution
		Debug|Any CPU = Debug|Any CPU
		Debug|x64 = Debug|x64
		Debug|x86 = Debug|x86
		Release|Any CPU = Release|Any CPU
		Release|x64 = Release|x64
		Release|x86 = Release|x86
	EndGlobalSection
	GlobalSection(ProjectConfigurationPlatforms) = postSolution
		{D63DD4B1-7CF1-49A5-855A-A798687FE879}.Debug|Any CPU.ActiveCfg = Debug|Any CPU
		{D63DD4B1-7CF1-49A5-855A-A798687FE879}.Debug|Any CPU.Build.0 = Debug|Any CPU
		{D63DD4B1-7CF1-49A5-855A-A798687FE879}.Debug|x64.ActiveCfg = Debug|Any CPU
		{D63DD4B1-7CF1-49A5-855A-A798687FE879}.Debug|x64.Build.0 = Debug|Any CPU
		{D63DD4B1-7CF1-49A5-855A-A798687FE879}.Debug|x86.ActiveCfg = Debug|Any CPU
		{D63DD4B1-7CF1-49A5-855A-A798687FE879}.Debug|x86.Build.0 = Debug|Any CPU
		{D63DD4B1-7CF1-49A5-855A-A798687FE879}.Release|Any CPU.ActiveCfg = Release|Any CPU
		{D63DD4B1-7CF1-49A5-855A-A798687FE879}.Release|Any CPU.Build.0 = Release|Any CPU
		{D63DD4B1-7CF1-49A5-855A-A798687FE879}.Release|x64.ActiveCfg = Release|Any CPU
		{D63DD4B1-7CF1-49A5-855A-A798687FE879}.Release|x64.Build.0 = Release|Any CPU
		{D63DD4B1-7CF1-49A5-855A-A798687FE879}.Release|x86.ActiveCfg = Release|Any CPU
		{D63DD4B1-7CF1-49A5-855A-A798687FE879}.Release|x86.Build.0 = Release|Any CPU
		{042E9B28-C972-415E-B6BE-606BD1040957}.Debug|Any CPU.ActiveCfg = Debug|Any CPU
		{042E9B28-C972-415E-B6BE-606BD1040957}.Debug|Any CPU.Build.0 = Debug|Any CPU
		{042E9B28-C972-415E-B6BE-606BD1040957}.Debug|x64.ActiveCfg = Debug|Any CPU
		{042E9B28-C972-415E-B6BE-606BD1040957}.Debug|x64.Build.0 = Debug|Any CPU
		{042E9B28-C972-415E-B6BE-606BD1040957}.Debug|x86.ActiveCfg = Debug|Any CPU
		{042E9B28-C972-415E-B6BE-606BD1040957}.Debug|x86.Build.0 = Debug|Any CPU
		{042E9B28-C972-415E-B6BE-606BD1040957}.Release|Any CPU.ActiveCfg = Release|Any CPU
		{042E9B28-C972-415E-B6BE-606BD1040957}.Release|Any CPU.Build.0 = Release|Any CPU
		{042E9B28-C972-415E-B6BE-606BD1040957}.Release|x64.ActiveCfg = Release|Any CPU
		{042E9B28-C972-415E-B6BE-606BD1040957}.Release|x64.Build.0 = Release|Any CPU
		{042E9B28-C972-415E-B6BE-606BD1040957}.Release|x86.ActiveCfg = Release|Any CPU
		{042E9B28-C972-415E-B6BE-606BD1040957}.Release|x86.Build.0 = Release|Any CPU
	EndGlobalSection
	GlobalSection(SolutionProperties) = preSolution
		HideSolutionNode = FALSE
	EndGlobalSection
EndGlobal
